
Microsoft Visual Studio Solution File, Format Version 12.00
# Visual Studio Version 17
VisualStudioVersion = 17.4.33110.190
MinimumVisualStudioVersion = 10.0.40219.1
Project("{9A19103F-16F7-4668-BE54-9A1E7A4F7556}") = "CarRentalManagement.Server", "CarRentalManagement\Server\CarRentalManagement.Server.csproj", "{C78FC66D-90EB-45B8-995D-EE6DBBBAF798}"
EndProject
Project("{9A19103F-16F7-4668-BE54-9A1E7A4F7556}") = "CarRentalManagement.Client", "CarRentalManagement\Client\CarRentalManagement.Client.csproj", "{B0A178BF-487A-4A8E-B8FE-54C0358E2711}"
EndProject
Project("{9A19103F-16F7-4668-BE54-9A1E7A4F7556}") = "CarRentalManagement.Shared", "CarRentalManagement\Shared\CarRentalManagement.Shared.csproj", "{7610FCFB-8482-40BF-B310-B6A1CFB85033}"
EndProject
Global
	GlobalSection(SolutionConfigurationPlatforms) = preSolution
		Debug|Any CPU = Debug|Any CPU
		Release|Any CPU = Release|Any CPU
	EndGlobalSection
	GlobalSection(ProjectConfigurationPlatforms) = postSolution
		{C78FC66D-90EB-45B8-995D-EE6DBBBAF798}.Debug|Any CPU.ActiveCfg = Debug|Any CPU
		{C78FC66D-90EB-45B8-995D-EE6DBBBAF798}.Debug|Any CPU.Build.0 = Debug|Any CPU
		{C78FC66D-90EB-45B8-995D-EE6DBBBAF798}.Release|Any CPU.ActiveCfg = Release|Any CPU
		{C78FC66D-90EB-45B8-995D-EE6DBBBAF798}.Release|Any CPU.Build.0 = Release|Any CPU
		{B0A178BF-487A-4A8E-B8FE-54C0358E2711}.Debug|Any CPU.ActiveCfg = Debug|Any CPU
		{B0A178BF-487A-4A8E-B8FE-54C0358E2711}.Debug|Any CPU.Build.0 = Debug|Any CPU
		{B0A178BF-487A-4A8E-B8FE-54C0358E2711}.Release|Any CPU.ActiveCfg = Release|Any CPU
		{B0A178BF-487A-4A8E-B8FE-54C0358E2711}.Release|Any CPU.Build.0 = Release|Any CPU
		{7610FCFB-8482-40BF-B310-B6A1CFB85033}.Debug|Any CPU.ActiveCfg = Debug|Any CPU
		{7610FCFB-8482-40BF-B310-B6A1CFB85033}.Debug|Any CPU.Build.0 = Debug|Any CPU
		{7610FCFB-8482-40BF-B310-B6A1CFB85033}.Release|Any CPU.ActiveCfg = Release|Any CPU
		{7610FCFB-8482-40BF-B310-B6A1CFB85033}.Release|Any CPU.Build.0 = Release|Any CPU
	EndGlobalSection
	GlobalSection(SolutionProperties) = preSolution
		HideSolutionNode = FALSE
	EndGlobalSection
	GlobalSection(ExtensibilityGlobals) = postSolution
		SolutionGuid = {8C766680-1036-409E-AE89-907154164769}
	EndGlobalSection
EndGlobal
